
Microsoft Visual Studio Solution File, Format Version 12.00
# Visual Studio Version 18
VisualStudioVersion = 18.2.11408.102 d18.0
MinimumVisualStudioVersion = 10.0.40219.1
Project("{2150E333-8FDC-42A3-9474-1A3956D46DE8}") = "Service", "Service", "{02EA681E-C7D8-13C7-8484-4AC65E1B71E8}"
EndProject
Project("{2150E333-8FDC-42A3-9474-1A3956D46DE8}") = "SalesCart", "SalesCart", "{21BFA033-724A-4587-98D3-AE29011F684E}"
EndProject
Project("{FAE04EC0-301F-11D3-BF4B-00C04F79EFBC}") = "SalesCart.API", "Service\SalesCart\SalesCart.API\SalesCart.API.csproj", "{D3871F9C-BE43-4932-9304-109C73499587}"
EndProject
Project("{2150E333-8FDC-42A3-9474-1A3956D46DE8}") = "BuildingBlocks", "BuildingBlocks", "{C64466CD-5932-4EF2-B800-DC938311496E}"
EndProject
Project("{FAE04EC0-301F-11D3-BF4B-00C04F79EFBC}") = "BuildingBlocks", "BuildingBlocks\BuildingBlocks\BuildingBlocks.csproj", "{322B3A14-0100-4BBE-BF40-4D404E18036A}"
EndProject
Project("{FAE04EC0-301F-11D3-BF4B-00C04F79EFBC}") = "SalesCart.Core", "Service\SalesCart\SalesCart.Core\SalesCart.Core.csproj", "{6809B2B6-BCD1-A04D-AAD3-3DFE0420C2EF}"
EndProject
Project("{FAE04EC0-301F-11D3-BF4B-00C04F79EFBC}") = "SalesCart.Infra", "Service\SalesCart\SalesCart.Infra\SalesCart.Infra.csproj", "{02AA4634-05F3-506B-18DA-755C832EDEDB}"
EndProject
Global
	GlobalSection(SolutionConfigurationPlatforms) = preSolution
		Debug|Any CPU = Debug|Any CPU
		Release|Any CPU = Release|Any CPU
	EndGlobalSection
	GlobalSection(ProjectConfigurationPlatforms) = postSolution
		{D3871F9C-BE43-4932-9304-109C73499587}.Debug|Any CPU.ActiveCfg = Debug|Any CPU
		{D3871F9C-BE43-4932-9304-109C73499587}.Debug|Any CPU.Build.0 = Debug|Any CPU
		{D3871F9C-BE43-4932-9304-109C73499587}.Release|Any CPU.ActiveCfg = Release|Any CPU
		{D3871F9C-BE43-4932-9304-109C73499587}.Release|Any CPU.Build.0 = Release|Any CPU
		{322B3A14-0100-4BBE-BF40-4D404E18036A}.Debug|Any CPU.ActiveCfg = Debug|Any CPU
		{322B3A14-0100-4BBE-BF40-4D404E18036A}.Debug|Any CPU.Build.0 = Debug|Any CPU
		{322B3A14-0100-4BBE-BF40-4D404E18036A}.Release|Any CPU.ActiveCfg = Release|Any CPU
		{322B3A14-0100-4BBE-BF40-4D404E18036A}.Release|Any CPU.Build.0 = Release|Any CPU
		{6809B2B6-BCD1-A04D-AAD3-3DFE0420C2EF}.Debug|Any CPU.ActiveCfg = Debug|Any CPU
		{6809B2B6-BCD1-A04D-AAD3-3DFE0420C2EF}.Debug|Any CPU.Build.0 = Debug|Any CPU
		{6809B2B6-BCD1-A04D-AAD3-3DFE0420C2EF}.Release|Any CPU.ActiveCfg = Release|Any CPU
		{6809B2B6-BCD1-A04D-AAD3-3DFE0420C2EF}.Release|Any CPU.Build.0 = Release|Any CPU
		{02AA4634-05F3-506B-18DA-755C832EDEDB}.Debug|Any CPU.ActiveCfg = Debug|Any CPU
		{02AA4634-05F3-506B-18DA-755C832EDEDB}.Debug|Any CPU.Build.0 = Debug|Any CPU
		{02AA4634-05F3-506B-18DA-755C832EDEDB}.Release|Any CPU.ActiveCfg = Release|Any CPU
		{02AA4634-05F3-506B-18DA-755C832EDEDB}.Release|Any CPU.Build.0 = Release|Any CPU
	EndGlobalSection
	GlobalSection(SolutionProperties) = preSolution
		HideSolutionNode = FALSE
	EndGlobalSection
	GlobalSection(NestedProjects) = preSolution
		{21BFA033-724A-4587-98D3-AE29011F684E} = {02EA681E-C7D8-13C7-8484-4AC65E1B71E8}
		{D3871F9C-BE43-4932-9304-109C73499587} = {21BFA033-724A-4587-98D3-AE29011F684E}
		{322B3A14-0100-4BBE-BF40-4D404E18036A} = {C64466CD-5932-4EF2-B800-DC938311496E}
		{6809B2B6-BCD1-A04D-AAD3-3DFE0420C2EF} = {21BFA033-724A-4587-98D3-AE29011F684E}
		{02AA4634-05F3-506B-18DA-755C832EDEDB} = {21BFA033-724A-4587-98D3-AE29011F684E}
	EndGlobalSection
	GlobalSection(ExtensibilityGlobals) = postSolution
		SolutionGuid = {B61E3F11-3362-4088-BB68-7366E1FCFAB2}
	EndGlobalSection
EndGlobal
